
Microsoft Visual Studio Solution File, Format Version 12.00
# Visual Studio Version 17
VisualStudioVersion = 17.14.36414.22 d17.14
MinimumVisualStudioVersion = 10.0.40219.1
Project("{FAE04EC0-301F-11D3-BF4B-00C04F79EFBC}") = "PL", "PL\PL.csproj", "{01A7CA2C-DBCB-452D-A4B0-213D9DBCE7B6}"
EndProject
Project("{FAE04EC0-301F-11D3-BF4B-00C04F79EFBC}") = "DAL", "DAL\DAL.csproj", "{C45EC982-0841-4C31-B931-B798515200A8}"
EndProject
Project("{FAE04EC0-301F-11D3-BF4B-00C04F79EFBC}") = "BLL", "BLL\BLL.csproj", "{683045C8-D703-4EB3-8027-4ADE3B1DF84A}"
EndProject
Global
	GlobalSection(SolutionConfigurationPlatforms) = preSolution
		Debug|Any CPU = Debug|Any CPU
		Release|Any CPU = Release|Any CPU
	EndGlobalSection
	GlobalSection(ProjectConfigurationPlatforms) = postSolution
		{01A7CA2C-DBCB-452D-A4B0-213D9DBCE7B6}.Debug|Any CPU.ActiveCfg = Debug|Any CPU
		{01A7CA2C-DBCB-452D-A4B0-213D9DBCE7B6}.Debug|Any CPU.Build.0 = Debug|Any CPU
		{01A7CA2C-DBCB-452D-A4B0-213D9DBCE7B6}.Release|Any CPU.ActiveCfg = Release|Any CPU
		{01A7CA2C-DBCB-452D-A4B0-213D9DBCE7B6}.Release|Any CPU.Build.0 = Release|Any CPU
		{C45EC982-0841-4C31-B931-B798515200A8}.Debug|Any CPU.ActiveCfg = Debug|Any CPU
		{C45EC982-0841-4C31-B931-B798515200A8}.Debug|Any CPU.Build.0 = Debug|Any CPU
		{C45EC982-0841-4C31-B931-B798515200A8}.Release|Any CPU.ActiveCfg = Release|Any CPU
		{C45EC982-0841-4C31-B931-B798515200A8}.Release|Any CPU.Build.0 = Release|Any CPU
		{683045C8-D703-4EB3-8027-4ADE3B1DF84A}.Debug|Any CPU.ActiveCfg = Debug|Any CPU
		{683045C8-D703-4EB3-8027-4ADE3B1DF84A}.Debug|Any CPU.Build.0 = Debug|Any CPU
		{683045C8-D703-4EB3-8027-4ADE3B1DF84A}.Release|Any CPU.ActiveCfg = Release|Any CPU
		{683045C8-D703-4EB3-8027-4ADE3B1DF84A}.Release|Any CPU.Build.0 = Release|Any CPU
	EndGlobalSection
	GlobalSection(SolutionProperties) = preSolution
		HideSolutionNode = FALSE
	EndGlobalSection
	GlobalSection(ExtensibilityGlobals) = postSolution
		SolutionGuid = {3E7E5300-7DE9-4632-84B0-375E164F9A0D}
	EndGlobalSection
EndGlobal
